
Microsoft Visual Studio Solution File, Format Version 12.00
# Visual Studio Version 17
VisualStudioVersion = 17.5.002.0
MinimumVisualStudioVersion = 10.0.40219.1
Project("{9A19103F-16F7-4668-BE54-9A1E7A4F7446}") = "Unity.Portal.Api.Scoring", "Unity.Portal.Api.Scoring.csproj", "{CCA5B2D4-23FE-4BA0-A8FE-530C49F1FB8F}"
EndProject
Global
	GlobalSection(SolutionConfigurationPlatforms) = preSolution
		Debug|Any CPU = Debug|Any CPU
		Release|Any CPU = Release|Any CPU
	EndGlobalSection
	GlobalSection(ProjectConfigurationPlatforms) = postSolution
		{CCA5B2D4-23FE-4BA0-A8FE-530C49F1FB8F}.Debug|Any CPU.ActiveCfg = Debug|Any CPU
		{CCA5B2D4-23FE-4BA0-A8FE-530C49F1FB8F}.Debug|Any CPU.Build.0 = Debug|Any CPU
		{CCA5B2D4-23FE-4BA0-A8FE-530C49F1FB8F}.Release|Any CPU.ActiveCfg = Release|Any CPU
		{CCA5B2D4-23FE-4BA0-A8FE-530C49F1FB8F}.Release|Any CPU.Build.0 = Release|Any CPU
	EndGlobalSection
	GlobalSection(SolutionProperties) = preSolution
		HideSolutionNode = FALSE
	EndGlobalSection
	GlobalSection(ExtensibilityGlobals) = postSolution
		SolutionGuid = {41B8B691-8C4D-4855-A1B1-92F8A1161EAF}
	EndGlobalSection
EndGlobal
