
Microsoft Visual Studio Solution File, Format Version 12.00
# Visual Studio Version 17
VisualStudioVersion = 17.5.002.0
MinimumVisualStudioVersion = 10.0.40219.1
Project("{FAE04EC0-301F-11D3-BF4B-00C04F79EFBC}") = "Unity.Portal.Api.Scoring", "Unity.Portal.Api.Scoring\Unity.Portal.Api.Scoring.csproj", "{08F1675B-3E15-4C24-9DD1-F08B07A943BE}"
EndProject
Global
	GlobalSection(SolutionConfigurationPlatforms) = preSolution
		Debug|Any CPU = Debug|Any CPU
		Release|Any CPU = Release|Any CPU
	EndGlobalSection
	GlobalSection(ProjectConfigurationPlatforms) = postSolution
		{DD594F76-560F-40E5-AA4B-8717DC382D29}.Debug|Any CPU.ActiveCfg = Debug|Any CPU
		{DD594F76-560F-40E5-AA4B-8717DC382D29}.Debug|Any CPU.Build.0 = Debug|Any CPU
		{DD594F76-560F-40E5-AA4B-8717DC382D29}.Release|Any CPU.ActiveCfg = Release|Any CPU
		{DD594F76-560F-40E5-AA4B-8717DC382D29}.Release|Any CPU.Build.0 = Release|Any CPU
		{08F1675B-3E15-4C24-9DD1-F08B07A943BE}.Debug|Any CPU.ActiveCfg = Debug|Any CPU
		{08F1675B-3E15-4C24-9DD1-F08B07A943BE}.Debug|Any CPU.Build.0 = Debug|Any CPU
		{08F1675B-3E15-4C24-9DD1-F08B07A943BE}.Release|Any CPU.ActiveCfg = Release|Any CPU
		{08F1675B-3E15-4C24-9DD1-F08B07A943BE}.Release|Any CPU.Build.0 = Release|Any CPU
	EndGlobalSection
	GlobalSection(SolutionProperties) = preSolution
		HideSolutionNode = FALSE
	EndGlobalSection
	GlobalSection(ExtensibilityGlobals) = postSolution
		SolutionGuid = {760FFC63-5400-4D8B-8067-1FEEEF4F18A9}
	EndGlobalSection
EndGlobal
