
Microsoft Visual Studio Solution File, Format Version 12.00
# Visual Studio Version 17
VisualStudioVersion = 17.5.002.0
MinimumVisualStudioVersion = 10.0.40219.1
Project("{9B19103F-16F7-4668-BE54-9B1E7A4F7556}") = "Unity.Portal.Api.WorkItems", "Unity.Portal.Api.WorkItems.csproj", "{3EF4E6ED-6478-4D78-86D1-72853C3408F9}"
EndProject
Global
	GlobalSection(SolutionConfigurationPlatforms) = preSolution
		Debug|Any CPU = Debug|Any CPU
		Release|Any CPU = Release|Any CPU
	EndGlobalSection
	GlobalSection(ProjectConfigurationPlatforms) = postSolution
		{3EF4E6ED-6478-4D78-86D1-72853C3408F9}.Debug|Any CPU.ActiveCfg = Debug|Any CPU
		{3EF4E6ED-6478-4D78-86D1-72853C3408F9}.Debug|Any CPU.Build.0 = Debug|Any CPU
		{3EF4E6ED-6478-4D78-86D1-72853C3408F9}.Release|Any CPU.ActiveCfg = Release|Any CPU
		{3EF4E6ED-6478-4D78-86D1-72853C3408F9}.Release|Any CPU.Build.0 = Release|Any CPU
	EndGlobalSection
	GlobalSection(SolutionProperties) = preSolution
		HideSolutionNode = FALSE
	EndGlobalSection
	GlobalSection(ExtensibilityGlobals) = postSolution
		SolutionGuid = {C0C9A933-00C8-4B4A-A421-A0CDA65FBDD8}
	EndGlobalSection
EndGlobal
